
Microsoft Visual Studio Solution File, Format Version 12.00
# Visual Studio 2013
VisualStudioVersion = 12.0.20827.3
MinimumVisualStudioVersion = 10.0.40219.1
Project("{FAE04EC0-301F-11D3-BF4B-00C04F79EFBC}") = "YellAtMe", "PhoneXamlDirect3DApp1\PhoneXamlDirect3DApp1\YellAtMe.csproj", "{ED057BCF-1E77-43DF-842D-A3BE6B5F437E}"
EndProject
Global
	GlobalSection(SolutionConfigurationPlatforms) = preSolution
		Debug|Any CPU = Debug|Any CPU
		Debug|ARM = Debug|ARM
		Debug|Mixed Platforms = Debug|Mixed Platforms
		Debug|Win32 = Debug|Win32
		Debug|x86 = Debug|x86
		Release|Any CPU = Release|Any CPU
		Release|ARM = Release|ARM
		Release|Mixed Platforms = Release|Mixed Platforms
		Release|Win32 = Release|Win32
		Release|x86 = Release|x86
	EndGlobalSection
	GlobalSection(ProjectConfigurationPlatforms) = postSolution
		{ED057BCF-1E77-43DF-842D-A3BE6B5F437E}.Debug|Any CPU.ActiveCfg = Debug|Any CPU
		{ED057BCF-1E77-43DF-842D-A3BE6B5F437E}.Debug|Any CPU.Build.0 = Debug|Any CPU
		{ED057BCF-1E77-43DF-842D-A3BE6B5F437E}.Debug|Any CPU.Deploy.0 = Debug|Any CPU
		{ED057BCF-1E77-43DF-842D-A3BE6B5F437E}.Debug|ARM.ActiveCfg = Debug|ARM
		{ED057BCF-1E77-43DF-842D-A3BE6B5F437E}.Debug|ARM.Build.0 = Debug|ARM
		{ED057BCF-1E77-43DF-842D-A3BE6B5F437E}.Debug|ARM.Deploy.0 = Debug|ARM
		{ED057BCF-1E77-43DF-842D-A3BE6B5F437E}.Debug|Mixed Platforms.ActiveCfg = Debug|x86
		{ED057BCF-1E77-43DF-842D-A3BE6B5F437E}.Debug|Mixed Platforms.Build.0 = Debug|x86
		{ED057BCF-1E77-43DF-842D-A3BE6B5F437E}.Debug|Mixed Platforms.Deploy.0 = Debug|x86
		{ED057BCF-1E77-43DF-842D-A3BE6B5F437E}.Debug|Win32.ActiveCfg = Debug|x86
		{ED057BCF-1E77-43DF-842D-A3BE6B5F437E}.Debug|Win32.Build.0 = Debug|x86
		{ED057BCF-1E77-43DF-842D-A3BE6B5F437E}.Debug|Win32.Deploy.0 = Debug|x86
		{ED057BCF-1E77-43DF-842D-A3BE6B5F437E}.Debug|x86.ActiveCfg = Debug|x86
		{ED057BCF-1E77-43DF-842D-A3BE6B5F437E}.Debug|x86.Build.0 = Debug|x86
		{ED057BCF-1E77-43DF-842D-A3BE6B5F437E}.Debug|x86.Deploy.0 = Debug|x86
		{ED057BCF-1E77-43DF-842D-A3BE6B5F437E}.Release|Any CPU.ActiveCfg = Release|Any CPU
		{ED057BCF-1E77-43DF-842D-A3BE6B5F437E}.Release|Any CPU.Build.0 = Release|Any CPU
		{ED057BCF-1E77-43DF-842D-A3BE6B5F437E}.Release|Any CPU.Deploy.0 = Release|Any CPU
		{ED057BCF-1E77-43DF-842D-A3BE6B5F437E}.Release|ARM.ActiveCfg = Release|ARM
		{ED057BCF-1E77-43DF-842D-A3BE6B5F437E}.Release|ARM.Build.0 = Release|ARM
		{ED057BCF-1E77-43DF-842D-A3BE6B5F437E}.Release|ARM.Deploy.0 = Release|ARM
		{ED057BCF-1E77-43DF-842D-A3BE6B5F437E}.Release|Mixed Platforms.ActiveCfg = Release|x86
		{ED057BCF-1E77-43DF-842D-A3BE6B5F437E}.Release|Mixed Platforms.Build.0 = Release|x86
		{ED057BCF-1E77-43DF-842D-A3BE6B5F437E}.Release|Mixed Platforms.Deploy.0 = Release|x86
		{ED057BCF-1E77-43DF-842D-A3BE6B5F437E}.Release|Win32.ActiveCfg = Release|x86
		{ED057BCF-1E77-43DF-842D-A3BE6B5F437E}.Release|Win32.Build.0 = Release|x86
		{ED057BCF-1E77-43DF-842D-A3BE6B5F437E}.Release|Win32.Deploy.0 = Release|x86
		{ED057BCF-1E77-43DF-842D-A3BE6B5F437E}.Release|x86.ActiveCfg = Release|x86
		{ED057BCF-1E77-43DF-842D-A3BE6B5F437E}.Release|x86.Build.0 = Release|x86
		{ED057BCF-1E77-43DF-842D-A3BE6B5F437E}.Release|x86.Deploy.0 = Release|x86
	EndGlobalSection
	GlobalSection(SolutionProperties) = preSolution
		HideSolutionNode = FALSE
	EndGlobalSection
EndGlobal
